
Microsoft Visual Studio Solution File, Format Version 12.00
# Visual Studio 2013
VisualStudioVersion = 12.0.31101.0
MinimumVisualStudioVersion = 10.0.40219.1
Project("{FAE04EC0-301F-11D3-BF4B-00C04F79EFBC}") = "Skate.Api", "src\web\Skate.Api\Skate.Api.csproj", "{8CA186E9-ABFF-4F4F-BFC6-504840AC5A2C}"
EndProject
Project("{FAE04EC0-301F-11D3-BF4B-00C04F79EFBC}") = "Authorization.Api", "src\web\Authorization.Api\Authorization.Api.csproj", "{A5E259D0-BD51-4891-89B3-EEDC6604CA2C}"
EndProject
Project("{FAE04EC0-301F-11D3-BF4B-00C04F79EFBC}") = "TokenApp", "src\app\TokenApp\TokenApp.csproj", "{8C54A196-FB80-4BBB-BF97-67CBB878DF91}"
EndProject
Project("{2150E333-8FDC-42A3-9474-1A3956D46DE8}") = "1. App", "1. App", "{E57DDD48-C328-4E93-87EF-3DDF5F1AD9CF}"
EndProject
Project("{2150E333-8FDC-42A3-9474-1A3956D46DE8}") = "2. Authorization.Api", "2. Authorization.Api", "{6331D30C-6943-4EBC-A45E-D75D6FE2851A}"
EndProject
Project("{2150E333-8FDC-42A3-9474-1A3956D46DE8}") = "3. Skate.Api", "3. Skate.Api", "{31ED88DE-6934-4C1F-BA4E-61F2A57A4111}"
EndProject
Project("{2150E333-8FDC-42A3-9474-1A3956D46DE8}") = "4. Snowboard.Api", "4. Snowboard.Api", "{7145BBB1-C0B5-4FB5-9D54-526B61FEE524}"
EndProject
Project("{FAE04EC0-301F-11D3-BF4B-00C04F79EFBC}") = "Snowboard.Api", "src\web\Snowboard.Api\Snowboard.Api.csproj", "{60F787F2-F1B4-40F6-B8A5-2231A137BD05}"
EndProject
Global
	GlobalSection(SolutionConfigurationPlatforms) = preSolution
		Debug|Any CPU = Debug|Any CPU
		Release|Any CPU = Release|Any CPU
	EndGlobalSection
	GlobalSection(ProjectConfigurationPlatforms) = postSolution
		{8CA186E9-ABFF-4F4F-BFC6-504840AC5A2C}.Debug|Any CPU.ActiveCfg = Debug|Any CPU
		{8CA186E9-ABFF-4F4F-BFC6-504840AC5A2C}.Debug|Any CPU.Build.0 = Debug|Any CPU
		{8CA186E9-ABFF-4F4F-BFC6-504840AC5A2C}.Release|Any CPU.ActiveCfg = Release|Any CPU
		{8CA186E9-ABFF-4F4F-BFC6-504840AC5A2C}.Release|Any CPU.Build.0 = Release|Any CPU
		{A5E259D0-BD51-4891-89B3-EEDC6604CA2C}.Debug|Any CPU.ActiveCfg = Debug|Any CPU
		{A5E259D0-BD51-4891-89B3-EEDC6604CA2C}.Debug|Any CPU.Build.0 = Debug|Any CPU
		{A5E259D0-BD51-4891-89B3-EEDC6604CA2C}.Release|Any CPU.ActiveCfg = Release|Any CPU
		{A5E259D0-BD51-4891-89B3-EEDC6604CA2C}.Release|Any CPU.Build.0 = Release|Any CPU
		{8C54A196-FB80-4BBB-BF97-67CBB878DF91}.Debug|Any CPU.ActiveCfg = Debug|Any CPU
		{8C54A196-FB80-4BBB-BF97-67CBB878DF91}.Debug|Any CPU.Build.0 = Debug|Any CPU
		{8C54A196-FB80-4BBB-BF97-67CBB878DF91}.Release|Any CPU.ActiveCfg = Release|Any CPU
		{8C54A196-FB80-4BBB-BF97-67CBB878DF91}.Release|Any CPU.Build.0 = Release|Any CPU
		{60F787F2-F1B4-40F6-B8A5-2231A137BD05}.Debug|Any CPU.ActiveCfg = Debug|Any CPU
		{60F787F2-F1B4-40F6-B8A5-2231A137BD05}.Debug|Any CPU.Build.0 = Debug|Any CPU
		{60F787F2-F1B4-40F6-B8A5-2231A137BD05}.Release|Any CPU.ActiveCfg = Release|Any CPU
		{60F787F2-F1B4-40F6-B8A5-2231A137BD05}.Release|Any CPU.Build.0 = Release|Any CPU
	EndGlobalSection
	GlobalSection(SolutionProperties) = preSolution
		HideSolutionNode = FALSE
	EndGlobalSection
	GlobalSection(NestedProjects) = preSolution
		{8CA186E9-ABFF-4F4F-BFC6-504840AC5A2C} = {31ED88DE-6934-4C1F-BA4E-61F2A57A4111}
		{A5E259D0-BD51-4891-89B3-EEDC6604CA2C} = {6331D30C-6943-4EBC-A45E-D75D6FE2851A}
		{8C54A196-FB80-4BBB-BF97-67CBB878DF91} = {E57DDD48-C328-4E93-87EF-3DDF5F1AD9CF}
		{60F787F2-F1B4-40F6-B8A5-2231A137BD05} = {7145BBB1-C0B5-4FB5-9D54-526B61FEE524}
	EndGlobalSection
EndGlobal
